# THIS IS AN AUTOGENERATED FILE. DO NOT EDIT THIS FILE DIRECTLY.
# yarn lockfile v1


code2html@^0.0.29:
  version "0.0.29"
  resolved "https://registry.yarnpkg.com/code2html/-/code2html-0.0.29.tgz#0139e6b37b0af6144e15f04d83c81b904b244650"
  integrity sha512-YVn5/xeyHwjceF8V5oM9qiVfw/2oKInNk4HrDtU58qW1zgIstZWcfh7An7byiYqMBunDOhGLJ2DdNJ0a92V06g==
  dependencies:
    commander "^9.0.0"
    highlight.js "^11.3.1"
    prism-themes "^1.9.0"
    prismjs "^1.25.0"

commander@^9.0.0:
  version "9.0.0"
  resolved "https://registry.yarnpkg.com/commander/-/commander-9.0.0.tgz#86d58f24ee98126568936bd1d3574e0308a99a40"
  integrity sha512-JJfP2saEKbQqvW+FI93OYUB4ByV5cizMpFMiiJI8xDbBvQvSkIk0VvQdn1CZ8mqAO8Loq2h0gYTYtDFUZUeERw==

highlight.js@^11.3.1:
  version "11.3.1"
  resolved "https://registry.yarnpkg.com/highlight.js/-/highlight.js-11.3.1.tgz#813078ef3aa519c61700f84fe9047231c5dc3291"
  integrity sha512-PUhCRnPjLtiLHZAQ5A/Dt5F8cWZeMyj9KRsACsWT+OD6OP0x6dp5OmT5jdx0JgEyPxPZZIPQpRN2TciUT7occw==

prism-themes@^1.9.0:
  version "1.9.0"
  resolved "https://registry.yarnpkg.com/prism-themes/-/prism-themes-1.9.0.tgz#19c034f3205f1e28d75d89728e54ccd745f7e3dd"
  integrity sha512-tX2AYsehKDw1EORwBps+WhBFKc2kxfoFpQAjxBndbZKr4fRmMkv47XN0BghC/K1qwodB1otbe4oF23vUTFDokw==

prismjs@^1.25.0:
  version "1.25.0"
  resolved "https://registry.yarnpkg.com/prismjs/-/prismjs-1.25.0.tgz#6f822df1bdad965734b310b315a23315cf999756"
  integrity sha512-WCjJHl1KEWbnkQom1+SzftbtXMKQoezOCYs5rECqMN+jP+apI7ftoflyqigqzopSO3hMhTEb0mFClA8lkolgEg==
