# THIS IS AN AUTOGENERATED FILE. DO NOT EDIT THIS FILE DIRECTLY.
# yarn lockfile v1


code2html@^0.0.16:
  version "0.0.16"
  resolved "https://registry.yarnpkg.com/code2html/-/code2html-0.0.16.tgz#c944a5187a88559a004f13eb94d3feb1e1ca4d9a"
  integrity sha512-p0wg4mJfztc+WS6gK5LAPs5FFciIjGE3oovaLTlKk5qbD95Y/qKRbRadSSVKVsJ+cMVj0pz0qziJyz9ciZGlhA==
  dependencies:
    commander "^8.2.0"
    highlight.js "^11.3.1"
    prism-themes "^1.9.0"
    prismjs "^1.25.0"

commander@^8.2.0:
  version "8.2.0"
  resolved "https://registry.yarnpkg.com/commander/-/commander-8.2.0.tgz#37fe2bde301d87d47a53adeff8b5915db1381ca8"
  integrity sha512-LLKxDvHeL91/8MIyTAD5BFMNtoIwztGPMiM/7Bl8rIPmHCZXRxmSWr91h57dpOpnQ6jIUqEWdXE/uBYMfiVZDA==

highlight.js@^11.3.1:
  version "11.3.1"
  resolved "https://registry.yarnpkg.com/highlight.js/-/highlight.js-11.3.1.tgz#813078ef3aa519c61700f84fe9047231c5dc3291"
  integrity sha512-PUhCRnPjLtiLHZAQ5A/Dt5F8cWZeMyj9KRsACsWT+OD6OP0x6dp5OmT5jdx0JgEyPxPZZIPQpRN2TciUT7occw==

prism-themes@^1.9.0:
  version "1.9.0"
  resolved "https://registry.yarnpkg.com/prism-themes/-/prism-themes-1.9.0.tgz#19c034f3205f1e28d75d89728e54ccd745f7e3dd"
  integrity sha512-tX2AYsehKDw1EORwBps+WhBFKc2kxfoFpQAjxBndbZKr4fRmMkv47XN0BghC/K1qwodB1otbe4oF23vUTFDokw==

prismjs@^1.25.0:
  version "1.25.0"
  resolved "https://registry.yarnpkg.com/prismjs/-/prismjs-1.25.0.tgz#6f822df1bdad965734b310b315a23315cf999756"
  integrity sha512-WCjJHl1KEWbnkQom1+SzftbtXMKQoezOCYs5rECqMN+jP+apI7ftoflyqigqzopSO3hMhTEb0mFClA8lkolgEg==
