# THIS IS AN AUTOGENERATED FILE. DO NOT EDIT THIS FILE DIRECTLY.
# yarn lockfile v1


code2html@^0.0.27:
  version "0.0.27"
  resolved "https://registry.yarnpkg.com/code2html/-/code2html-0.0.27.tgz#07135e48d78106e2ec59fb7cec7230c7bdec6c36"
  integrity sha512-zHF0tuhFpftRWZ+fK5pNBN7pp4o/WLN5FEUAIrG/BzAhSewbntOvJ55bbV7D9hlipBj/hA4F29aNBdkmLZWPfg==
  dependencies:
    commander "^8.2.0"
    highlight.js "^11.3.1"
    prism-themes "^1.9.0"
    prismjs "^1.25.0"

commander@^8.2.0:
  version "8.3.0"
  resolved "https://registry.yarnpkg.com/commander/-/commander-8.3.0.tgz#4837ea1b2da67b9c616a67afbb0fafee567bca66"
  integrity sha512-OkTL9umf+He2DZkUq8f8J9of7yL6RJKI24dVITBmNfZBmri9zYZQrKkuXiKhyfPSu8tUhnVBB1iKXevvnlR4Ww==

highlight.js@^11.3.1:
  version "11.3.1"
  resolved "https://registry.yarnpkg.com/highlight.js/-/highlight.js-11.3.1.tgz#813078ef3aa519c61700f84fe9047231c5dc3291"
  integrity sha512-PUhCRnPjLtiLHZAQ5A/Dt5F8cWZeMyj9KRsACsWT+OD6OP0x6dp5OmT5jdx0JgEyPxPZZIPQpRN2TciUT7occw==

prism-themes@^1.9.0:
  version "1.9.0"
  resolved "https://registry.yarnpkg.com/prism-themes/-/prism-themes-1.9.0.tgz#19c034f3205f1e28d75d89728e54ccd745f7e3dd"
  integrity sha512-tX2AYsehKDw1EORwBps+WhBFKc2kxfoFpQAjxBndbZKr4fRmMkv47XN0BghC/K1qwodB1otbe4oF23vUTFDokw==

prismjs@^1.25.0:
  version "1.25.0"
  resolved "https://registry.yarnpkg.com/prismjs/-/prismjs-1.25.0.tgz#6f822df1bdad965734b310b315a23315cf999756"
  integrity sha512-WCjJHl1KEWbnkQom1+SzftbtXMKQoezOCYs5rECqMN+jP+apI7ftoflyqigqzopSO3hMhTEb0mFClA8lkolgEg==
